
Microsoft Visual Studio Solution File, Format Version 12.00
# Visual Studio 15
VisualStudioVersion = 15.0.28307.271
MinimumVisualStudioVersion = 10.0.40219.1
Project("{FAE04EC0-301F-11D3-BF4B-00C04F79EFBC}") = "dcp439", "dcp439\dcp439.csproj", "{4888935F-BA8B-46D0-AD07-CA813481BF37}"
EndProject
Global
	GlobalSection(SolutionConfigurationPlatforms) = preSolution
		Debug|Any CPU = Debug|Any CPU
		Release|Any CPU = Release|Any CPU
	EndGlobalSection
	GlobalSection(ProjectConfigurationPlatforms) = postSolution
		{4888935F-BA8B-46D0-AD07-CA813481BF37}.Debug|Any CPU.ActiveCfg = Debug|Any CPU
		{4888935F-BA8B-46D0-AD07-CA813481BF37}.Debug|Any CPU.Build.0 = Debug|Any CPU
		{4888935F-BA8B-46D0-AD07-CA813481BF37}.Release|Any CPU.ActiveCfg = Release|Any CPU
		{4888935F-BA8B-46D0-AD07-CA813481BF37}.Release|Any CPU.Build.0 = Release|Any CPU
	EndGlobalSection
	GlobalSection(SolutionProperties) = preSolution
		HideSolutionNode = FALSE
	EndGlobalSection
	GlobalSection(ExtensibilityGlobals) = postSolution
		SolutionGuid = {41D86D03-659C-4DC3-9872-457F358B700D}
	EndGlobalSection
EndGlobal
