
Microsoft Visual Studio Solution File, Format Version 12.00
# Visual Studio 15
VisualStudioVersion = 15.0.28307.271
MinimumVisualStudioVersion = 10.0.40219.1
Project("{FAE04EC0-301F-11D3-BF4B-00C04F79EFBC}") = "DCP_394", "DCP_394\DCP_394.csproj", "{0F225DF0-3115-4775-B183-453338707692}"
EndProject
Global
	GlobalSection(SolutionConfigurationPlatforms) = preSolution
		Debug|Any CPU = Debug|Any CPU
		Release|Any CPU = Release|Any CPU
	EndGlobalSection
	GlobalSection(ProjectConfigurationPlatforms) = postSolution
		{0F225DF0-3115-4775-B183-453338707692}.Debug|Any CPU.ActiveCfg = Debug|Any CPU
		{0F225DF0-3115-4775-B183-453338707692}.Debug|Any CPU.Build.0 = Debug|Any CPU
		{0F225DF0-3115-4775-B183-453338707692}.Release|Any CPU.ActiveCfg = Release|Any CPU
		{0F225DF0-3115-4775-B183-453338707692}.Release|Any CPU.Build.0 = Release|Any CPU
	EndGlobalSection
	GlobalSection(SolutionProperties) = preSolution
		HideSolutionNode = FALSE
	EndGlobalSection
	GlobalSection(ExtensibilityGlobals) = postSolution
		SolutionGuid = {3C1B22AD-E419-42E9-AF6D-8589E6E21F7F}
	EndGlobalSection
EndGlobal
